
Microsoft Visual Studio Solution File, Format Version 12.00
# Visual Studio Version 17
VisualStudioVersion = 17.4.33205.214
MinimumVisualStudioVersion = 10.0.40219.1
Project("{9A19103F-16F7-4668-BE54-9A1E7A4F7556}") = "ExpenseTracker", "ExpenseTracker.csproj", "{CCE78F78-6007-47C9-B6ED-1E427A70AC49}"
EndProject
Global
	GlobalSection(SolutionConfigurationPlatforms) = preSolution
		Debug|Any CPU = Debug|Any CPU
		Release|Any CPU = Release|Any CPU
	EndGlobalSection
	GlobalSection(ProjectConfigurationPlatforms) = postSolution
		{CCE78F78-6007-47C9-B6ED-1E427A70AC49}.Debug|Any CPU.ActiveCfg = Debug|Any CPU
		{CCE78F78-6007-47C9-B6ED-1E427A70AC49}.Debug|Any CPU.Build.0 = Debug|Any CPU
		{CCE78F78-6007-47C9-B6ED-1E427A70AC49}.Release|Any CPU.ActiveCfg = Release|Any CPU
		{CCE78F78-6007-47C9-B6ED-1E427A70AC49}.Release|Any CPU.Build.0 = Release|Any CPU
	EndGlobalSection
	GlobalSection(SolutionProperties) = preSolution
		HideSolutionNode = FALSE
	EndGlobalSection
	GlobalSection(ExtensibilityGlobals) = postSolution
		SolutionGuid = {3B4BC9A9-5333-4718-8D77-58AA5B0F55C9}
	EndGlobalSection
EndGlobal
